
Microsoft Visual Studio Solution File, Format Version 12.00
# Visual Studio Version 17
VisualStudioVersion = 17.14.37111.16 d17.14
MinimumVisualStudioVersion = 10.0.40219.1
Project("{FAE04EC0-301F-11D3-BF4B-00C04F79EFBC}") = "EasySave", "EasySave\EasySave.csproj", "{C78BE985-B847-4BCF-A737-12EF7B1CC6DD}"
EndProject
Global
	GlobalSection(SolutionConfigurationPlatforms) = preSolution
		Debug|Any CPU = Debug|Any CPU
		Release|Any CPU = Release|Any CPU
	EndGlobalSection
	GlobalSection(ProjectConfigurationPlatforms) = postSolution
		{C78BE985-B847-4BCF-A737-12EF7B1CC6DD}.Debug|Any CPU.ActiveCfg = Debug|Any CPU
		{C78BE985-B847-4BCF-A737-12EF7B1CC6DD}.Debug|Any CPU.Build.0 = Debug|Any CPU
		{C78BE985-B847-4BCF-A737-12EF7B1CC6DD}.Release|Any CPU.ActiveCfg = Release|Any CPU
		{C78BE985-B847-4BCF-A737-12EF7B1CC6DD}.Release|Any CPU.Build.0 = Release|Any CPU
	EndGlobalSection
	GlobalSection(SolutionProperties) = preSolution
		HideSolutionNode = FALSE
	EndGlobalSection
	GlobalSection(ExtensibilityGlobals) = postSolution
		SolutionGuid = {533718C2-8C72-4DED-804E-2AFB2DD2458E}
	EndGlobalSection
EndGlobal
